# This file was autogenerated by Stack.
# You should not edit this file by hand.
# For more information, please see the documentation at:
#   https://docs.haskellstack.org/en/stable/lock_files

packages:
- completed:
    hackage: bytestring-trie-0.2.5.0@sha256:96498959cf2af0e3f1f3dfb526b78502c9fa8f21255a3506938ee2a26e61d653,3331
    pantry-tree:
      size: 705
      sha256: dfcfade8cc0eaafae73ef31de6ecfa5c348bbd3a8d514dda8c9e7cef74e41b87
  original:
    hackage: bytestring-trie-0.2.5.0@sha256:96498959cf2af0e3f1f3dfb526b78502c9fa8f21255a3506938ee2a26e61d653,3331
- completed:
    hackage: spool-0.1@sha256:77780cbfc2c0be23ff2ea9e474062f3df97fcd9db946ee0b3508280a923b83e2,1461
    pantry-tree:
      size: 322
      sha256: 48eada528a8eda2fcf0d3517a239c59a699acff96111f427833ba2b04bd6111f
  original:
    hackage: spool-0.1@sha256:77780cbfc2c0be23ff2ea9e474062f3df97fcd9db946ee0b3508280a923b83e2,1461
snapshots:
- completed:
    size: 524104
    url: https://raw.githubusercontent.com/commercialhaskell/stackage-snapshots/master/lts/14/5.yaml
    sha256: 3c146eebc1b383211ea49d5422fb3d63d699da12307b4bc989107300eb579d60
  original: lts-14.5
